
Microsoft Visual Studio Solution File, Format Version 12.00
# Visual Studio Version 17
VisualStudioVersion = 17.14.36414.22 d17.14
MinimumVisualStudioVersion = 10.0.40219.1
Project("{FAE04EC0-301F-11D3-BF4B-00C04F79EFBC}") = "YandexBlock", "YandexBlock\YandexBlock.csproj", "{77C6371B-ADAF-4C47-859A-F66936000008}"
EndProject
Global
	GlobalSection(SolutionConfigurationPlatforms) = preSolution
		Debug|Any CPU = Debug|Any CPU
		Release|Any CPU = Release|Any CPU
	EndGlobalSection
	GlobalSection(ProjectConfigurationPlatforms) = postSolution
		{77C6371B-ADAF-4C47-859A-F66936000008}.Debug|Any CPU.ActiveCfg = Debug|Any CPU
		{77C6371B-ADAF-4C47-859A-F66936000008}.Debug|Any CPU.Build.0 = Debug|Any CPU
		{77C6371B-ADAF-4C47-859A-F66936000008}.Release|Any CPU.ActiveCfg = Release|Any CPU
		{77C6371B-ADAF-4C47-859A-F66936000008}.Release|Any CPU.Build.0 = Release|Any CPU
	EndGlobalSection
	GlobalSection(SolutionProperties) = preSolution
		HideSolutionNode = FALSE
	EndGlobalSection
	GlobalSection(ExtensibilityGlobals) = postSolution
		SolutionGuid = {025CEFAB-8BD9-4185-A52A-9EDC9D52EAC5}
	EndGlobalSection
EndGlobal
